
Microsoft Visual Studio Solution File, Format Version 12.00
# Visual Studio Version 17
VisualStudioVersion = 17.5.002.0
MinimumVisualStudioVersion = 10.0.40219.1
Project("{9A19103F-16F7-4668-BE54-9A1E7A4F7556}") = "Maloo", "Maloo.csproj", "{B59452D0-4ECE-4812-A624-EC29E84FE8F1}"
EndProject
Global
	GlobalSection(SolutionConfigurationPlatforms) = preSolution
		Debug|Any CPU = Debug|Any CPU
		Release|Any CPU = Release|Any CPU
	EndGlobalSection
	GlobalSection(ProjectConfigurationPlatforms) = postSolution
		{B59452D0-4ECE-4812-A624-EC29E84FE8F1}.Debug|Any CPU.ActiveCfg = Debug|Any CPU
		{B59452D0-4ECE-4812-A624-EC29E84FE8F1}.Debug|Any CPU.Build.0 = Debug|Any CPU
		{B59452D0-4ECE-4812-A624-EC29E84FE8F1}.Release|Any CPU.ActiveCfg = Release|Any CPU
		{B59452D0-4ECE-4812-A624-EC29E84FE8F1}.Release|Any CPU.Build.0 = Release|Any CPU
	EndGlobalSection
	GlobalSection(SolutionProperties) = preSolution
		HideSolutionNode = FALSE
	EndGlobalSection
	GlobalSection(ExtensibilityGlobals) = postSolution
		SolutionGuid = {A8B16FC0-7461-4BFE-931A-6937C07B38BB}
	EndGlobalSection
EndGlobal
